
Microsoft Visual Studio Solution File, Format Version 12.00
# Visual Studio Version 17
VisualStudioVersion = 17.12.35514.174 d17.12
MinimumVisualStudioVersion = 10.0.40219.1
Project("{FAE04EC0-301F-11D3-BF4B-00C04F79EFBC}") = "Talabat_API", "Talabat_API\Talabat_API.csproj", "{B194BD08-D462-4F67-887E-7ACA8C75838B}"
EndProject
Project("{FAE04EC0-301F-11D3-BF4B-00C04F79EFBC}") = "Data", "Data\Data.csproj", "{4ED7FABC-AC84-4F24-9A07-F4CD5E3CDD7A}"
EndProject
Global
	GlobalSection(SolutionConfigurationPlatforms) = preSolution
		Debug|Any CPU = Debug|Any CPU
		Release|Any CPU = Release|Any CPU
	EndGlobalSection
	GlobalSection(ProjectConfigurationPlatforms) = postSolution
		{B194BD08-D462-4F67-887E-7ACA8C75838B}.Debug|Any CPU.ActiveCfg = Debug|Any CPU
		{B194BD08-D462-4F67-887E-7ACA8C75838B}.Debug|Any CPU.Build.0 = Debug|Any CPU
		{B194BD08-D462-4F67-887E-7ACA8C75838B}.Release|Any CPU.ActiveCfg = Release|Any CPU
		{B194BD08-D462-4F67-887E-7ACA8C75838B}.Release|Any CPU.Build.0 = Release|Any CPU
		{4ED7FABC-AC84-4F24-9A07-F4CD5E3CDD7A}.Debug|Any CPU.ActiveCfg = Debug|Any CPU
		{4ED7FABC-AC84-4F24-9A07-F4CD5E3CDD7A}.Debug|Any CPU.Build.0 = Debug|Any CPU
		{4ED7FABC-AC84-4F24-9A07-F4CD5E3CDD7A}.Release|Any CPU.ActiveCfg = Release|Any CPU
		{4ED7FABC-AC84-4F24-9A07-F4CD5E3CDD7A}.Release|Any CPU.Build.0 = Release|Any CPU
	EndGlobalSection
	GlobalSection(SolutionProperties) = preSolution
		HideSolutionNode = FALSE
	EndGlobalSection
EndGlobal
